# This file was autogenerated by Stack.
# You should not edit this file by hand.
# For more information, please see the documentation at:
#   https://docs.haskellstack.org/en/stable/lock_files

packages:
- completed:
    hackage: lens-4.19.2@sha256:d6264016fb6e8232e3b8c77ce98e6b123691723ebb84165941facf090bc58f5b,15493
    pantry-tree:
      size: 8330
      sha256: 84518578f0899196983f10793d327cc153abd69b9ee029858cde7cdfc516a11e
  original:
    hackage: lens-4.19.2@sha256:d6264016fb6e8232e3b8c77ce98e6b123691723ebb84165941facf090bc58f5b,15493
- completed:
    hackage: hlint-3.1.4@sha256:7562dd47c6d32d71aefb81ff1a3b51269b34d37d74e666bb4e2ad527be237b51,3754
    pantry-tree:
      size: 4373
      sha256: 74c43c599f3f702eb1197665e281c0f24845e0da5e4012c27113309377c2f593
  original:
    hackage: hlint-3.1.4
- completed:
    hackage: monad-dijkstra-0.1.1.2@sha256:4bca3eca6358f916b06501f82c7bfa4c59236af0ac8cac551854c2e928e78c37,1962
    pantry-tree:
      size: 333
      sha256: 055ea4bab35e29fc8a2e4f8e2a9b3acb2219d1f074729ba9ef96308b64b11876
  original:
    hackage: monad-dijkstra-0.1.1.2@sha256:4bca3eca6358f916b06501f82c7bfa4c59236af0ac8cac551854c2e928e78c37,1962
snapshots:
- completed:
    size: 531237
    url: https://raw.githubusercontent.com/commercialhaskell/stackage-snapshots/master/lts/16/0.yaml
    sha256: 210e15b7043e2783115afe16b0d54914b1611cdaa73f3ca3ca7f8e0847ff54e5
  original: lts-16.0
